
Microsoft Visual Studio Solution File, Format Version 12.00
# Visual Studio Version 16
VisualStudioVersion = 16.0.31025.194
MinimumVisualStudioVersion = 10.0.40219.1
Project("{2150E333-8FDC-42A3-9474-1A3956D46DE8}") = "Client", "Client", "{53138091-1951-4210-ADB3-1805B8DDAAAE}"
EndProject
Project("{9A19103F-16F7-4668-BE54-9A1E7A4F7556}") = "BitSharp.SimpleClient", "src\BitSharp.SimpleClient\BitSharp.SimpleClient.csproj", "{B38491E6-5F7F-4323-985A-B426B17900EB}"
EndProject
Project("{FAE04EC0-301F-11D3-BF4B-00C04F79EFBC}") = "BitClient", "BitClient\BitClient.csproj", "{B0AE1B0F-D734-4CC6-9FE9-F4BC46318B5B}"
EndProject
Global
	GlobalSection(SolutionConfigurationPlatforms) = preSolution
		Debug|Any CPU = Debug|Any CPU
		Release|Any CPU = Release|Any CPU
	EndGlobalSection
	GlobalSection(ProjectConfigurationPlatforms) = postSolution
		{B38491E6-5F7F-4323-985A-B426B17900EB}.Debug|Any CPU.ActiveCfg = Debug|Any CPU
		{B38491E6-5F7F-4323-985A-B426B17900EB}.Debug|Any CPU.Build.0 = Debug|Any CPU
		{B38491E6-5F7F-4323-985A-B426B17900EB}.Release|Any CPU.ActiveCfg = Release|Any CPU
		{B38491E6-5F7F-4323-985A-B426B17900EB}.Release|Any CPU.Build.0 = Release|Any CPU
		{B0AE1B0F-D734-4CC6-9FE9-F4BC46318B5B}.Debug|Any CPU.ActiveCfg = Debug|Any CPU
		{B0AE1B0F-D734-4CC6-9FE9-F4BC46318B5B}.Debug|Any CPU.Build.0 = Debug|Any CPU
		{B0AE1B0F-D734-4CC6-9FE9-F4BC46318B5B}.Release|Any CPU.ActiveCfg = Release|Any CPU
		{B0AE1B0F-D734-4CC6-9FE9-F4BC46318B5B}.Release|Any CPU.Build.0 = Release|Any CPU
	EndGlobalSection
	GlobalSection(SolutionProperties) = preSolution
		HideSolutionNode = FALSE
	EndGlobalSection
	GlobalSection(NestedProjects) = preSolution
		{B38491E6-5F7F-4323-985A-B426B17900EB} = {53138091-1951-4210-ADB3-1805B8DDAAAE}
	EndGlobalSection
	GlobalSection(ExtensibilityGlobals) = postSolution
		SolutionGuid = {23448492-B6C3-4117-8F93-934B2309E9A3}
	EndGlobalSection
EndGlobal
